// !$*UTF8*$!
{
	archiveVersion = 1;
	classes = {
	};
	objectVersion = 56;
	objects = {

/* Begin PBXBuildFile section */
		CE8F9B5D2CD32DC300E23531 /* PaymentAppApp.swift in Sources */ = {isa = PBXBuildFile; fileRef = CE8F9B5C2CD32DC300E23531 /* PaymentAppApp.swift */; };
		CE8F9B5F2CD32DC300E23531 /* LoginScreen.swift in Sources */ = {isa = PBXBuildFile; fileRef = CE8F9B5E2CD32DC300E23531 /* LoginScreen.swift */; };
		CE8F9B612CD32DC700E23531 /* Assets.xcassets in Resources */ = {isa = PBXBuildFile; fileRef = CE8F9B602CD32DC700E23531 /* Assets.xcassets */; };
		CE8F9B642CD32DC700E23531 /* Preview Assets.xcassets in Resources */ = {isa = PBXBuildFile; fileRef = CE8F9B632CD32DC700E23531 /* Preview Assets.xcassets */; };
		CE8F9B6E2CD32DC700E23531 /* PaymentAppTests.swift in Sources */ = {isa = PBXBuildFile; fileRef = CE8F9B6D2CD32DC700E23531 /* PaymentAppTests.swift */; };
		CE8F9B782CD32DC700E23531 /* PaymentAppUITests.swift in Sources */ = {isa = PBXBuildFile; fileRef = CE8F9B772CD32DC700E23531 /* PaymentAppUITests.swift */; };
		CE8F9B7A2CD32DC700E23531 /* PaymentAppUITestsLaunchTests.swift in Sources */ = {isa = PBXBuildFile; fileRef = CE8F9B792CD32DC700E23531 /* PaymentAppUITestsLaunchTests.swift */; };
		CE8F9B872CD32E0800E23531 /* AccountScreen.swift in Sources */ = {isa = PBXBuildFile; fileRef = CE8F9B862CD32E0800E23531 /* AccountScreen.swift */; };
/* End PBXBuildFile section */

/* Begin PBXContainerItemProxy section */
		CE8F9B6A2CD32DC700E23531 /* PBXContainerItemProxy */ = {
			isa = PBXContainerItemProxy;
			containerPortal = CE8F9B512CD32DC300E23531 /* Project object */;
			proxyType = 1;
			remoteGlobalIDString = CE8F9B582CD32DC300E23531;
			remoteInfo = PaymentApp;
		};
		CE8F9B742CD32DC700E23531 /* PBXContainerItemProxy */ = {
			isa = PBXContainerItemProxy;
			containerPortal = CE8F9B512CD32DC300E23531 /* Project object */;
			proxyType = 1;
			remoteGlobalIDString = CE8F9B582CD32DC300E23531;
			remoteInfo = PaymentApp;
		};
/* End PBXContainerItemProxy section */

/* Begin PBXFileReference section */
		CE8F9B592CD32DC300E23531 /* PaymentApp.app */ = {isa = PBXFileReference; explicitFileType = wrapper.application; includeInIndex = 0; path = PaymentApp.app; sourceTree = BUILT_PRODUCTS_DIR; };
		CE8F9B5C2CD32DC300E23531 /* PaymentAppApp.swift */ = {isa = PBXFileReference; lastKnownFileType = sourcecode.swift; path = PaymentAppApp.swift; sourceTree = "<group>"; };
		CE8F9B5E2CD32DC300E23531 /* LoginScreen.swift */ = {isa = PBXFileReference; lastKnownFileType = sourcecode.swift; path = LoginScreen.swift; sourceTree = "<group>"; };
		CE8F9B602CD32DC700E23531 /* Assets.xcassets */ = {isa = PBXFileReference; lastKnownFileType = folder.assetcatalog; path = Assets.xcassets; sourceTree = "<group>"; };
		CE8F9B632CD32DC700E23531 /* Preview Assets.xcassets */ = {isa = PBXFileReference; lastKnownFileType = folder.assetcatalog; path = "Preview Assets.xcassets"; sourceTree = "<group>"; };
		CE8F9B692CD32DC700E23531 /* PaymentAppTests.xctest */ = {isa = PBXFileReference; explicitFileType = wrapper.cfbundle; includeInIndex = 0; path = PaymentAppTests.xctest; sourceTree = BUILT_PRODUCTS_DIR; };
		CE8F9B6D2CD32DC700E23531 /* PaymentAppTests.swift */ = {isa = PBXFileReference; lastKnownFileType = sourcecode.swift; path = PaymentAppTests.swift; sourceTree = "<group>"; };
		CE8F9B732CD32DC700E23531 /* PaymentAppUITests.xctest */ = {isa = PBXFileReference; explicitFileType = wrapper.cfbundle; includeInIndex = 0; path = PaymentAppUITests.xctest; sourceTree = BUILT_PRODUCTS_DIR; };
		CE8F9B772CD32DC700E23531 /* PaymentAppUITests.swift */ = {isa = PBXFileReference; lastKnownFileType = sourcecode.swift; path = PaymentAppUITests.swift; sourceTree = "<group>"; };
		CE8F9B792CD32DC700E23531 /* PaymentAppUITestsLaunchTests.swift */ = {isa = PBXFileReference; lastKnownFileType = sourcecode.swift; path = PaymentAppUITestsLaunchTests.swift; sourceTree = "<group>"; };
		CE8F9B862CD32E0800E23531 /* AccountScreen.swift */ = {isa = PBXFileReference; lastKnownFileType = sourcecode.swift; path = AccountScreen.swift; sourceTree = "<group>"; };
/* End PBXFileReference section */

/* Begin PBXFrameworksBuildPhase section */
		CE8F9B562CD32DC300E23531 /* Frameworks */ = {
			isa = PBXFrameworksBuildPhase;
			buildActionMask = 2147483647;
			files = (
			);
			runOnlyForDeploymentPostprocessing = 0;
		};
		CE8F9B662CD32DC700E23531 /* Frameworks */ = {
			isa = PBXFrameworksBuildPhase;
			buildActionMask = 2147483647;
			files = (
			);
			runOnlyForDeploymentPostprocessing = 0;
		};
		CE8F9B702CD32DC700E23531 /* Frameworks */ = {
			isa = PBXFrameworksBuildPhase;
			buildActionMask = 2147483647;
			files = (
			);
			runOnlyForDeploymentPostprocessing = 0;
		};
/* End PBXFrameworksBuildPhase section */

/* Begin PBXGroup section */
		CE8F9B502CD32DC300E23531 = {
			isa = PBXGroup;
			children = (
				CE8F9B5B2CD32DC300E23531 /* PaymentApp */,
				CE8F9B6C2CD32DC700E23531 /* PaymentAppTests */,
				CE8F9B762CD32DC700E23531 /* PaymentAppUITests */,
				CE8F9B5A2CD32DC300E23531 /* Products */,
			);
			sourceTree = "<group>";
		};
		CE8F9B5A2CD32DC300E23531 /* Products */ = {
			isa = PBXGroup;
			children = (
				CE8F9B592CD32DC300E23531 /* PaymentApp.app */,
				CE8F9B692CD32DC700E23531 /* PaymentAppTests.xctest */,
				CE8F9B732CD32DC700E23531 /* PaymentAppUITests.xctest */,
			);
			name = Products;
			sourceTree = "<group>";
		};
		CE8F9B5B2CD32DC300E23531 /* PaymentApp */ = {
			isa = PBXGroup;
			children = (
				CE8F9B5C2CD32DC300E23531 /* PaymentAppApp.swift */,
				CE8F9B5E2CD32DC300E23531 /* LoginScreen.swift */,
				CE8F9B862CD32E0800E23531 /* AccountScreen.swift */,
				CE8F9B602CD32DC700E23531 /* Assets.xcassets */,
				CE8F9B622CD32DC700E23531 /* Preview Content */,
			);
			path = PaymentApp;
			sourceTree = "<group>";
		};
		CE8F9B622CD32DC700E23531 /* Preview Content */ = {
			isa = PBXGroup;
			children = (
				CE8F9B632CD32DC700E23531 /* Preview Assets.xcassets */,
			);
			path = "Preview Content";
			sourceTree = "<group>";
		};
		CE8F9B6C2CD32DC700E23531 /* PaymentAppTests */ = {
			isa = PBXGroup;
			children = (
				CE8F9B6D2CD32DC700E23531 /* PaymentAppTests.swift */,
			);
			path = PaymentAppTests;
			sourceTree = "<group>";
		};
		CE8F9B762CD32DC700E23531 /* PaymentAppUITests */ = {
			isa = PBXGroup;
			children = (
				CE8F9B772CD32DC700E23531 /* PaymentAppUITests.swift */,
				CE8F9B792CD32DC700E23531 /* PaymentAppUITestsLaunchTests.swift */,
			);
			path = PaymentAppUITests;
			sourceTree = "<group>";
		};
/* End PBXGroup section */

/* Begin PBXNativeTarget section */
		CE8F9B582CD32DC300E23531 /* PaymentApp */ = {
			isa = PBXNativeTarget;
			buildConfigurationList = CE8F9B7D2CD32DC700E23531 /* Build configuration list for PBXNativeTarget "PaymentApp" */;
			buildPhases = (
				CE8F9B552CD32DC300E23531 /* Sources */,
				CE8F9B562CD32DC300E23531 /* Frameworks */,
				CE8F9B572CD32DC300E23531 /* Resources */,
			);
			buildRules = (
			);
			dependencies = (
			);
			name = PaymentApp;
			productName = PaymentApp;
			productReference = CE8F9B592CD32DC300E23531 /* PaymentApp.app */;
			productType = "com.apple.product-type.application";
		};
		CE8F9B682CD32DC700E23531 /* PaymentAppTests */ = {
			isa = PBXNativeTarget;
			buildConfigurationList = CE8F9B802CD32DC700E23531 /* Build configuration list for PBXNativeTarget "PaymentAppTests" */;
			buildPhases = (
				CE8F9B652CD32DC700E23531 /* Sources */,
				CE8F9B662CD32DC700E23531 /* Frameworks */,
				CE8F9B672CD32DC700E23531 /* Resources */,
			);
			buildRules = (
			);
			dependencies = (
				CE8F9B6B2CD32DC700E23531 /* PBXTargetDependency */,
			);
			name = PaymentAppTests;
			productName = PaymentAppTests;
			productReference = CE8F9B692CD32DC700E23531 /* PaymentAppTests.xctest */;
			productType = "com.apple.product-type.bundle.unit-test";
		};
		CE8F9B722CD32DC700E23531 /* PaymentAppUITests */ = {
			isa = PBXNativeTarget;
			buildConfigurationList = CE8F9B832CD32DC700E23531 /* Build configuration list for PBXNativeTarget "PaymentAppUITests" */;
			buildPhases = (
				CE8F9B6F2CD32DC700E23531 /* Sources */,
				CE8F9B702CD32DC700E23531 /* Frameworks */,
				CE8F9B712CD32DC700E23531 /* Resources */,
			);
			buildRules = (
			);
			dependencies = (
				CE8F9B752CD32DC700E23531 /* PBXTargetDependency */,
			);
			name = PaymentAppUITests;
			productName = PaymentAppUITests;
			productReference = CE8F9B732CD32DC700E23531 /* PaymentAppUITests.xctest */;
			productType = "com.apple.product-type.bundle.ui-testing";
		};
/* End PBXNativeTarget section */

/* Begin PBXProject section */
		CE8F9B512CD32DC300E23531 /* Project object */ = {
			isa = PBXProject;
			attributes = {
				BuildIndependentTargetsInParallel = 1;
				LastSwiftUpdateCheck = 1540;
				LastUpgradeCheck = 1540;
				TargetAttributes = {
					CE8F9B582CD32DC300E23531 = {
						CreatedOnToolsVersion = 15.4;
					};
					CE8F9B682CD32DC700E23531 = {
						CreatedOnToolsVersion = 15.4;
						TestTargetID = CE8F9B582CD32DC300E23531;
					};
					CE8F9B722CD32DC700E23531 = {
						CreatedOnToolsVersion = 15.4;
						TestTargetID = CE8F9B582CD32DC300E23531;
					};
				};
			};
			buildConfigurationList = CE8F9B542CD32DC300E23531 /* Build configuration list for PBXProject "PaymentApp" */;
			compatibilityVersion = "Xcode 14.0";
			developmentRegion = en;
			hasScannedForEncodings = 0;
			knownRegions = (
				en,
				Base,
			);
			mainGroup = CE8F9B502CD32DC300E23531;
			productRefGroup = CE8F9B5A2CD32DC300E23531 /* Products */;
			projectDirPath = "";
			projectRoot = "";
			targets = (
				CE8F9B582CD32DC300E23531 /* PaymentApp */,
				CE8F9B682CD32DC700E23531 /* PaymentAppTests */,
				CE8F9B722CD32DC700E23531 /* PaymentAppUITests */,
			);
		};
/* End PBXProject section */

/* Begin PBXResourcesBuildPhase section */
		CE8F9B572CD32DC300E23531 /* Resources */ = {
			isa = PBXResourcesBuildPhase;
			buildActionMask = 2147483647;
			files = (
				CE8F9B642CD32DC700E23531 /* Preview Assets.xcassets in Resources */,
				CE8F9B612CD32DC700E23531 /* Assets.xcassets in Resources */,
			);
			runOnlyForDeploymentPostprocessing = 0;
		};
		CE8F9B672CD32DC700E23531 /* Resources */ = {
			isa = PBXResourcesBuildPhase;
			buildActionMask = 2147483647;
			files = (
			);
			runOnlyForDeploymentPostprocessing = 0;
		};
		CE8F9B712CD32DC700E23531 /* Resources */ = {
			isa = PBXResourcesBuildPhase;
			buildActionMask = 2147483647;
			files = (
			);
			runOnlyForDeploymentPostprocessing = 0;
		};
/* End PBXResourcesBuildPhase section */

/* Begin PBXSourcesBuildPhase section */
		CE8F9B552CD32DC300E23531 /* Sources */ = {
			isa = PBXSourcesBuildPhase;
			buildActionMask = 2147483647;
			files = (
				CE8F9B872CD32E0800E23531 /* AccountScreen.swift in Sources */,
				CE8F9B5F2CD32DC300E23531 /* LoginScreen.swift in Sources */,
				CE8F9B5D2CD32DC300E23531 /* PaymentAppApp.swift in Sources */,
			);
			runOnlyForDeploymentPostprocessing = 0;
		};
		CE8F9B652CD32DC700E23531 /* Sources */ = {
			isa = PBXSourcesBuildPhase;
			buildActionMask = 2147483647;
			files = (
				CE8F9B6E2CD32DC700E23531 /* PaymentAppTests.swift in Sources */,
			);
			runOnlyForDeploymentPostprocessing = 0;
		};
		CE8F9B6F2CD32DC700E23531 /* Sources */ = {
			isa = PBXSourcesBuildPhase;
			buildActionMask = 2147483647;
			files = (
				CE8F9B782CD32DC700E23531 /* PaymentAppUITests.swift in Sources */,
				CE8F9B7A2CD32DC700E23531 /* PaymentAppUITestsLaunchTests.swift in Sources */,
			);
			runOnlyForDeploymentPostprocessing = 0;
		};
/* End PBXSourcesBuildPhase section */

/* Begin PBXTargetDependency section */
		CE8F9B6B2CD32DC700E23531 /* PBXTargetDependency */ = {
			isa = PBXTargetDependency;
			target = CE8F9B582CD32DC300E23531 /* PaymentApp */;
			targetProxy = CE8F9B6A2CD32DC700E23531 /* PBXContainerItemProxy */;
		};
		CE8F9B752CD32DC700E23531 /* PBXTargetDependency */ = {
			isa = PBXTargetDependency;
			target = CE8F9B582CD32DC300E23531 /* PaymentApp */;
			targetProxy = CE8F9B742CD32DC700E23531 /* PBXContainerItemProxy */;
		};
/* End PBXTargetDependency section */

/* Begin XCBuildConfiguration section */
		CE8F9B7B2CD32DC700E23531 /* Debug */ = {
			isa = XCBuildConfiguration;
			buildSettings = {
				ALWAYS_SEARCH_USER_PATHS = NO;
				ASSETCATALOG_COMPILER_GENERATE_SWIFT_ASSET_SYMBOL_EXTENSIONS = YES;
				CLANG_ANALYZER_NONNULL = YES;
				CLANG_ANALYZER_NUMBER_OBJECT_CONVERSION = YES_AGGRESSIVE;
				CLANG_CXX_LANGUAGE_STANDARD = "gnu++20";
				CLANG_ENABLE_MODULES = YES;
				CLANG_ENABLE_OBJC_ARC = YES;
				CLANG_ENABLE_OBJC_WEAK = YES;
				CLANG_WARN_BLOCK_CAPTURE_AUTORELEASING = YES;
				CLANG_WARN_BOOL_CONVERSION = YES;
				CLANG_WARN_COMMA = YES;
				CLANG_WARN_CONSTANT_CONVERSION = YES;
				CLANG_WARN_DEPRECATED_OBJC_IMPLEMENTATIONS = YES;
				CLANG_WARN_DIRECT_OBJC_ISA_USAGE = YES_ERROR;
				CLANG_WARN_DOCUMENTATION_COMMENTS = YES;
				CLANG_WARN_EMPTY_BODY = YES;
				CLANG_WARN_ENUM_CONVERSION = YES;
				CLANG_WARN_INFINITE_RECURSION = YES;
				CLANG_WARN_INT_CONVERSION = YES;
				CLANG_WARN_NON_LITERAL_NULL_CONVERSION = YES;
				CLANG_WARN_OBJC_IMPLICIT_RETAIN_SELF = YES;
				CLANG_WARN_OBJC_LITERAL_CONVERSION = YES;
				CLANG_WARN_OBJC_ROOT_CLASS = YES_ERROR;
				CLANG_WARN_QUOTED_INCLUDE_IN_FRAMEWORK_HEADER = YES;
				CLANG_WARN_RANGE_LOOP_ANALYSIS = YES;
				CLANG_WARN_STRICT_PROTOTYPES = YES;
				CLANG_WARN_SUSPICIOUS_MOVE = YES;
				CLANG_WARN_UNGUARDED_AVAILABILITY = YES_AGGRESSIVE;
				CLANG_WARN_UNREACHABLE_CODE = YES;
				CLANG_WARN__DUPLICATE_METHOD_MATCH = YES;
				COPY_PHASE_STRIP = NO;
				DEBUG_INFORMATION_FORMAT = dwarf;
				ENABLE_STRICT_OBJC_MSGSEND = YES;
				ENABLE_TESTABILITY = YES;
				ENABLE_USER_SCRIPT_SANDBOXING = YES;
				GCC_C_LANGUAGE_STANDARD = gnu17;
				GCC_DYNAMIC_NO_PIC = NO;
				GCC_NO_COMMON_BLOCKS = YES;
				GCC_OPTIMIZATION_LEVEL = 0;
				GCC_PREPROCESSOR_DEFINITIONS = (
					"DEBUG=1",
					"$(inherited)",
				);
				GCC_WARN_64_TO_32_BIT_CONVERSION = YES;
				GCC_WARN_ABOUT_RETURN_TYPE = YES_ERROR;
				GCC_WARN_UNDECLARED_SELECTOR = YES;
				GCC_WARN_UNINITIALIZED_AUTOS = YES_AGGRESSIVE;
				GCC_WARN_UNUSED_FUNCTION = YES;
				GCC_WARN_UNUSED_VARIABLE = YES;
				IPHONEOS_DEPLOYMENT_TARGET = 17.5;
				LOCALIZATION_PREFERS_STRING_CATALOGS = YES;
				MTL_ENABLE_DEBUG_INFO = INCLUDE_SOURCE;
				MTL_FAST_MATH = YES;
				ONLY_ACTIVE_ARCH = YES;
				SDKROOT = iphoneos;
				SWIFT_ACTIVE_COMPILATION_CONDITIONS = "DEBUG $(inherited)";
				SWIFT_OPTIMIZATION_LEVEL = "-Onone";
			};
			name = Debug;
		};
		CE8F9B7C2CD32DC700E23531 /* Release */ = {
			isa = XCBuildConfiguration;
			buildSettings = {
				ALWAYS_SEARCH_USER_PATHS = NO;
				ASSETCATALOG_COMPILER_GENERATE_SWIFT_ASSET_SYMBOL_EXTENSIONS = YES;
				CLANG_ANALYZER_NONNULL = YES;
				CLANG_ANALYZER_NUMBER_OBJECT_CONVERSION = YES_AGGRESSIVE;
				CLANG_CXX_LANGUAGE_STANDARD = "gnu++20";
				CLANG_ENABLE_MODULES = YES;
				CLANG_ENABLE_OBJC_ARC = YES;
				CLANG_ENABLE_OBJC_WEAK = YES;
				CLANG_WARN_BLOCK_CAPTURE_AUTORELEASING = YES;
				CLANG_WARN_BOOL_CONVERSION = YES;
				CLANG_WARN_COMMA = YES;
				CLANG_WARN_CONSTANT_CONVERSION = YES;
				CLANG_WARN_DEPRECATED_OBJC_IMPLEMENTATIONS = YES;
				CLANG_WARN_DIRECT_OBJC_ISA_USAGE = YES_ERROR;
				CLANG_WARN_DOCUMENTATION_COMMENTS = YES;
				CLANG_WARN_EMPTY_BODY = YES;
				CLANG_WARN_ENUM_CONVERSION = YES;
				CLANG_WARN_INFINITE_RECURSION = YES;
				CLANG_WARN_INT_CONVERSION = YES;
				CLANG_WARN_NON_LITERAL_NULL_CONVERSION = YES;
				CLANG_WARN_OBJC_IMPLICIT_RETAIN_SELF = YES;
				CLANG_WARN_OBJC_LITERAL_CONVERSION = YES;
				CLANG_WARN_OBJC_ROOT_CLASS = YES_ERROR;
				CLANG_WARN_QUOTED_INCLUDE_IN_FRAMEWORK_HEADER = YES;
				CLANG_WARN_RANGE_LOOP_ANALYSIS = YES;
				CLANG_WARN_STRICT_PROTOTYPES = YES;
				CLANG_WARN_SUSPICIOUS_MOVE = YES;
				CLANG_WARN_UNGUARDED_AVAILABILITY = YES_AGGRESSIVE;
				CLANG_WARN_UNREACHABLE_CODE = YES;
				CLANG_WARN__DUPLICATE_METHOD_MATCH = YES;
				COPY_PHASE_STRIP = NO;
				DEBUG_INFORMATION_FORMAT = "dwarf-with-dsym";
				ENABLE_NS_ASSERTIONS = NO;
				ENABLE_STRICT_OBJC_MSGSEND = YES;
				ENABLE_USER_SCRIPT_SANDBOXING = YES;
				GCC_C_LANGUAGE_STANDARD = gnu17;
				GCC_NO_COMMON_BLOCKS = YES;
				GCC_WARN_64_TO_32_BIT_CONVERSION = YES;
				GCC_WARN_ABOUT_RETURN_TYPE = YES_ERROR;
				GCC_WARN_UNDECLARED_SELECTOR = YES;
				GCC_WARN_UNINITIALIZED_AUTOS = YES_AGGRESSIVE;
				GCC_WARN_UNUSED_FUNCTION = YES;
				GCC_WARN_UNUSED_VARIABLE = YES;
				IPHONEOS_DEPLOYMENT_TARGET = 17.5;
				LOCALIZATION_PREFERS_STRING_CATALOGS = YES;
				MTL_ENABLE_DEBUG_INFO = NO;
				MTL_FAST_MATH = YES;
				SDKROOT = iphoneos;
				SWIFT_COMPILATION_MODE = wholemodule;
				VALIDATE_PRODUCT = YES;
			};
			name = Release;
		};
		CE8F9B7E2CD32DC700E23531 /* Debug */ = {
			isa = XCBuildConfiguration;
			buildSettings = {
				ASSETCATALOG_COMPILER_APPICON_NAME = AppIcon;
				ASSETCATALOG_COMPILER_GLOBAL_ACCENT_COLOR_NAME = AccentColor;
				CODE_SIGN_STYLE = Automatic;
				CURRENT_PROJECT_VERSION = 1;
				DEVELOPMENT_ASSET_PATHS = "\"PaymentApp/Preview Content\"";
				ENABLE_PREVIEWS = YES;
				GENERATE_INFOPLIST_FILE = YES;
				INFOPLIST_KEY_UIApplicationSceneManifest_Generation = YES;
				INFOPLIST_KEY_UIApplicationSupportsIndirectInputEvents = YES;
				INFOPLIST_KEY_UILaunchScreen_Generation = YES;
				INFOPLIST_KEY_UISupportedInterfaceOrientations_iPad = "UIInterfaceOrientationPortrait UIInterfaceOrientationPortraitUpsideDown UIInterfaceOrientationLandscapeLeft UIInterfaceOrientationLandscapeRight";
				INFOPLIST_KEY_UISupportedInterfaceOrientations_iPhone = "UIInterfaceOrientationPortrait UIInterfaceOrientationLandscapeLeft UIInterfaceOrientationLandscapeRight";
				LD_RUNPATH_SEARCH_PATHS = (
					"$(inherited)",
					"@executable_path/Frameworks",
				);
				MARKETING_VERSION = 1.0;
				PRODUCT_BUNDLE_IDENTIFIER = jeremy.PaymentApp;
				PRODUCT_NAME = "$(TARGET_NAME)";
				SWIFT_EMIT_LOC_STRINGS = YES;
				SWIFT_VERSION = 5.0;
				TARGETED_DEVICE_FAMILY = "1,2";
			};
			name = Debug;
		};
		CE8F9B7F2CD32DC700E23531 /* Release */ = {
			isa = XCBuildConfiguration;
			buildSettings = {
				ASSETCATALOG_COMPILER_APPICON_NAME = AppIcon;
				ASSETCATALOG_COMPILER_GLOBAL_ACCENT_COLOR_NAME = AccentColor;
				CODE_SIGN_STYLE = Automatic;
				CURRENT_PROJECT_VERSION = 1;
				DEVELOPMENT_ASSET_PATHS = "\"PaymentApp/Preview Content\"";
				ENABLE_PREVIEWS = YES;
				GENERATE_INFOPLIST_FILE = YES;
				INFOPLIST_KEY_UIApplicationSceneManifest_Generation = YES;
				INFOPLIST_KEY_UIApplicationSupportsIndirectInputEvents = YES;
				INFOPLIST_KEY_UILaunchScreen_Generation = YES;
				INFOPLIST_KEY_UISupportedInterfaceOrientations_iPad = "UIInterfaceOrientationPortrait UIInterfaceOrientationPortraitUpsideDown UIInterfaceOrientationLandscapeLeft UIInterfaceOrientationLandscapeRight";
				INFOPLIST_KEY_UISupportedInterfaceOrientations_iPhone = "UIInterfaceOrientationPortrait UIInterfaceOrientationLandscapeLeft UIInterfaceOrientationLandscapeRight";
				LD_RUNPATH_SEARCH_PATHS = (
					"$(inherited)",
					"@executable_path/Frameworks",
				);
				MARKETING_VERSION = 1.0;
				PRODUCT_BUNDLE_IDENTIFIER = jeremy.PaymentApp;
				PRODUCT_NAME = "$(TARGET_NAME)";
				SWIFT_EMIT_LOC_STRINGS = YES;
				SWIFT_VERSION = 5.0;
				TARGETED_DEVICE_FAMILY = "1,2";
			};
			name = Release;
		};
		CE8F9B812CD32DC700E23531 /* Debug */ = {
			isa = XCBuildConfiguration;
			buildSettings = {
				ALWAYS_EMBED_SWIFT_STANDARD_LIBRARIES = YES;
				BUNDLE_LOADER = "$(TEST_HOST)";
				CODE_SIGN_STYLE = Automatic;
				CURRENT_PROJECT_VERSION = 1;
				GENERATE_INFOPLIST_FILE = YES;
				IPHONEOS_DEPLOYMENT_TARGET = 17.5;
				MARKETING_VERSION = 1.0;
				PRODUCT_BUNDLE_IDENTIFIER = jeremy.PaymentAppTests;
				PRODUCT_NAME = "$(TARGET_NAME)";
				SWIFT_EMIT_LOC_STRINGS = NO;
				SWIFT_VERSION = 5.0;
				TARGETED_DEVICE_FAMILY = "1,2";
				TEST_HOST = "$(BUILT_PRODUCTS_DIR)/PaymentApp.app/$(BUNDLE_EXECUTABLE_FOLDER_PATH)/PaymentApp";
			};
			name = Debug;
		};
		CE8F9B822CD32DC700E23531 /* Release */ = {
			isa = XCBuildConfiguration;
			buildSettings = {
				ALWAYS_EMBED_SWIFT_STANDARD_LIBRARIES = YES;
				BUNDLE_LOADER = "$(TEST_HOST)";
				CODE_SIGN_STYLE = Automatic;
				CURRENT_PROJECT_VERSION = 1;
				GENERATE_INFOPLIST_FILE = YES;
				IPHONEOS_DEPLOYMENT_TARGET = 17.5;
				MARKETING_VERSION = 1.0;
				PRODUCT_BUNDLE_IDENTIFIER = jeremy.PaymentAppTests;
				PRODUCT_NAME = "$(TARGET_NAME)";
				SWIFT_EMIT_LOC_STRINGS = NO;
				SWIFT_VERSION = 5.0;
				TARGETED_DEVICE_FAMILY = "1,2";
				TEST_HOST = "$(BUILT_PRODUCTS_DIR)/PaymentApp.app/$(BUNDLE_EXECUTABLE_FOLDER_PATH)/PaymentApp";
			};
			name = Release;
		};
		CE8F9B842CD32DC700E23531 /* Debug */ = {
			isa = XCBuildConfiguration;
			buildSettings = {
				ALWAYS_EMBED_SWIFT_STANDARD_LIBRARIES = YES;
				CODE_SIGN_STYLE = Automatic;
				CURRENT_PROJECT_VERSION = 1;
				GENERATE_INFOPLIST_FILE = YES;
				MARKETING_VERSION = 1.0;
				PRODUCT_BUNDLE_IDENTIFIER = jeremy.PaymentAppUITests;
				PRODUCT_NAME = "$(TARGET_NAME)";
				SWIFT_EMIT_LOC_STRINGS = NO;
				SWIFT_VERSION = 5.0;
				TARGETED_DEVICE_FAMILY = "1,2";
				TEST_TARGET_NAME = PaymentApp;
			};
			name = Debug;
		};
		CE8F9B852CD32DC700E23531 /* Release */ = {
			isa = XCBuildConfiguration;
			buildSettings = {
				ALWAYS_EMBED_SWIFT_STANDARD_LIBRARIES = YES;
				CODE_SIGN_STYLE = Automatic;
				CURRENT_PROJECT_VERSION = 1;
				GENERATE_INFOPLIST_FILE = YES;
				MARKETING_VERSION = 1.0;
				PRODUCT_BUNDLE_IDENTIFIER = jeremy.PaymentAppUITests;
				PRODUCT_NAME = "$(TARGET_NAME)";
				SWIFT_EMIT_LOC_STRINGS = NO;
				SWIFT_VERSION = 5.0;
				TARGETED_DEVICE_FAMILY = "1,2";
				TEST_TARGET_NAME = PaymentApp;
			};
			name = Release;
		};
/* End XCBuildConfiguration section */

/* Begin XCConfigurationList section */
		CE8F9B542CD32DC300E23531 /* Build configuration list for PBXProject "PaymentApp" */ = {
			isa = XCConfigurationList;
			buildConfigurations = (
				CE8F9B7B2CD32DC700E23531 /* Debug */,
				CE8F9B7C2CD32DC700E23531 /* Release */,
			);
			defaultConfigurationIsVisible = 0;
			defaultConfigurationName = Release;
		};
		CE8F9B7D2CD32DC700E23531 /* Build configuration list for PBXNativeTarget "PaymentApp" */ = {
			isa = XCConfigurationList;
			buildConfigurations = (
				CE8F9B7E2CD32DC700E23531 /* Debug */,
				CE8F9B7F2CD32DC700E23531 /* Release */,
			);
			defaultConfigurationIsVisible = 0;
			defaultConfigurationName = Release;
		};
		CE8F9B802CD32DC700E23531 /* Build configuration list for PBXNativeTarget "PaymentAppTests" */ = {
			isa = XCConfigurationList;
			buildConfigurations = (
				CE8F9B812CD32DC700E23531 /* Debug */,
				CE8F9B822CD32DC700E23531 /* Release */,
			);
			defaultConfigurationIsVisible = 0;
			defaultConfigurationName = Release;
		};
		CE8F9B832CD32DC700E23531 /* Build configuration list for PBXNativeTarget "PaymentAppUITests" */ = {
			isa = XCConfigurationList;
			buildConfigurations = (
				CE8F9B842CD32DC700E23531 /* Debug */,
				CE8F9B852CD32DC700E23531 /* Release */,
			);
			defaultConfigurationIsVisible = 0;
			defaultConfigurationName = Release;
		};
/* End XCConfigurationList section */
	};
	rootObject = CE8F9B512CD32DC300E23531 /* Project object */;
}
